lockfileVersion: '9.0'

settings:
  autoInstallPeers: true
  excludeLinksFromLockfile: false

importers:

  .:
    dependencies:
      '@casl/ability':
        specifier: ^6.7.1
        version: 6.7.1
      '@marketlinker/prisma-db':
        specifier: https://github.com/SanRicl/marketlinker-prisma-db.git
        version: https://codeload.github.com/SanRicl/marketlinker-prisma-db/tar.gz/9b5e9c372e10fd7c1fc43b216b1285f025d3958f
      typescript:
        specifier: ^5.6.2
        version: 5.6.2
      zod:
        specifier: ^3.23.8
        version: 3.23.8

packages:

  '@casl/ability@6.7.1':
    resolution: {integrity: sha512-e+Vgrehd1/lzOSwSqKHtmJ6kmIuZbGBlM2LBS5IuYGGKmVHuhUuyh3XgTn1VIw9+TO4gqU+uptvxfIRBUEdJuw==}

  '@marketlinker/prisma-db@https://codeload.github.com/SanRicl/marketlinker-prisma-db/tar.gz/9b5e9c372e10fd7c1fc43b216b1285f025d3958f':
    resolution: {tarball: https://codeload.github.com/SanRicl/marketlinker-prisma-db/tar.gz/9b5e9c372e10fd7c1fc43b216b1285f025d3958f}
    version: 1.0.4

  '@prisma/client@5.21.1':
    resolution: {integrity: sha512-3n+GgbAZYjaS/k0M03yQsQfR1APbr411r74foknnsGpmhNKBG49VuUkxIU6jORgvJPChoD4WC4PqoHImN1FP0w==}
    engines: {node: '>=16.13'}
    peerDependencies:
      prisma: '*'
    peerDependenciesMeta:
      prisma:
        optional: true

  '@prisma/debug@5.21.1':
    resolution: {integrity: sha512-uY8SAhcnORhvgtOrNdvWS98Aq/nkQ9QDUxrWAgW8XrCZaI3j2X7zb7Xe6GQSh6xSesKffFbFlkw0c2luHQviZA==}

  '@prisma/engines-version@5.21.1-1.bf0e5e8a04cada8225617067eaa03d041e2bba36':
    resolution: {integrity: sha512-qvnEflL0//lh44S/T9NcvTMxfyowNeUxTunPcDfKPjyJNrCNf2F1zQLcUv5UHAruECpX+zz21CzsC7V2xAeM7Q==}

  '@prisma/engines@5.21.1':
    resolution: {integrity: sha512-hGVTldUkIkTwoV8//hmnAAiAchi4oMEKD3aW5H2RrnI50tTdwza7VQbTTAyN3OIHWlK5DVg6xV7X8N/9dtOydA==}

  '@prisma/fetch-engine@5.21.1':
    resolution: {integrity: sha512-70S31vgpCGcp9J+mh/wHtLCkVezLUqe/fGWk3J3JWZIN7prdYSlr1C0niaWUyNK2VflLXYi8kMjAmSxUVq6WGQ==}

  '@prisma/get-platform@5.21.1':
    resolution: {integrity: sha512-sRxjL3Igst3ct+e8ya/x//cDXmpLbZQ5vfps2N4tWl4VGKQAmym77C/IG/psSMsQKszc8uFC/q1dgmKFLUgXZQ==}

  '@ucast/core@1.10.2':
    resolution: {integrity: sha512-ons5CwXZ/51wrUPfoduC+cO7AS1/wRb0ybpQJ9RrssossDxVy4t49QxWoWgfBDvVKsz9VXzBk9z0wqTdZ+Cq8g==}

  '@ucast/js@3.0.4':
    resolution: {integrity: sha512-TgG1aIaCMdcaEyckOZKQozn1hazE0w90SVdlpIJ/er8xVumE11gYAtSbw/LBeUnA4fFnFWTcw3t6reqseeH/4Q==}

  '@ucast/mongo2js@1.3.4':
    resolution: {integrity: sha512-ahazOr1HtelA5AC1KZ9x0UwPMqqimvfmtSm/PRRSeKKeE5G2SCqTgwiNzO7i9jS8zA3dzXpKVPpXMkcYLnyItA==}

  '@ucast/mongo@2.4.3':
    resolution: {integrity: sha512-XcI8LclrHWP83H+7H2anGCEeDq0n+12FU2mXCTz6/Tva9/9ddK/iacvvhCyW6cijAAOILmt0tWplRyRhVyZLsA==}

  fsevents@2.3.3:
    resolution: {integrity: sha512-5xoDfX+fL7faATnagmWPpbFtwh/R77WmMMqqHGS65C3vvB0YHrgF+B1YmZ3441tMj5n63k0212XNoJwzlhffQw==}
    engines: {node: ^8.16.0 || ^10.6.0 || >=11.0.0}
    os: [darwin]

  prisma@5.21.1:
    resolution: {integrity: sha512-PB+Iqzld/uQBPaaw2UVIk84kb0ITsLajzsxzsadxxl54eaU5Gyl2/L02ysivHxK89t7YrfQJm+Ggk37uvM70oQ==}
    engines: {node: '>=16.13'}
    hasBin: true

  typescript@5.6.2:
    resolution: {integrity: sha512-NW8ByodCSNCwZeghjN3o+JX5OFH0Ojg6sadjEKY4huZ52TqbJTJnDo5+Tw98lSy63NZvi4n+ez5m2u5d4PkZyw==}
    engines: {node: '>=14.17'}
    hasBin: true

  zod@3.23.8:
    resolution: {integrity: sha512-XBx9AXhXktjUqnepgTiE5flcKIYWi/rme0Eaj+5Y0lftuGBq+jyRu/md4WnuxqgP1ubdpNCsYEYPxrzVHD8d6g==}

snapshots:

  '@casl/ability@6.7.1':
    dependencies:
      '@ucast/mongo2js': 1.3.4

  '@marketlinker/prisma-db@https://codeload.github.com/SanRicl/marketlinker-prisma-db/tar.gz/9b5e9c372e10fd7c1fc43b216b1285f025d3958f':
    dependencies:
      '@prisma/client': 5.21.1(prisma@5.21.1)
      prisma: 5.21.1
      typescript: 5.6.2

  '@prisma/client@5.21.1(prisma@5.21.1)':
    optionalDependencies:
      prisma: 5.21.1

  '@prisma/debug@5.21.1': {}

  '@prisma/engines-version@5.21.1-1.bf0e5e8a04cada8225617067eaa03d041e2bba36': {}

  '@prisma/engines@5.21.1':
    dependencies:
      '@prisma/debug': 5.21.1
      '@prisma/engines-version': 5.21.1-1.bf0e5e8a04cada8225617067eaa03d041e2bba36
      '@prisma/fetch-engine': 5.21.1
      '@prisma/get-platform': 5.21.1

  '@prisma/fetch-engine@5.21.1':
    dependencies:
      '@prisma/debug': 5.21.1
      '@prisma/engines-version': 5.21.1-1.bf0e5e8a04cada8225617067eaa03d041e2bba36
      '@prisma/get-platform': 5.21.1

  '@prisma/get-platform@5.21.1':
    dependencies:
      '@prisma/debug': 5.21.1

  '@ucast/core@1.10.2': {}

  '@ucast/js@3.0.4':
    dependencies:
      '@ucast/core': 1.10.2

  '@ucast/mongo2js@1.3.4':
    dependencies:
      '@ucast/core': 1.10.2
      '@ucast/js': 3.0.4
      '@ucast/mongo': 2.4.3

  '@ucast/mongo@2.4.3':
    dependencies:
      '@ucast/core': 1.10.2

  fsevents@2.3.3:
    optional: true

  prisma@5.21.1:
    dependencies:
      '@prisma/engines': 5.21.1
    optionalDependencies:
      fsevents: 2.3.3

  typescript@5.6.2: {}

  zod@3.23.8: {}
